
Microsoft Visual Studio Solution File, Format Version 12.00
# Visual Studio Version 17
VisualStudioVersion = 17.3.32901.215
MinimumVisualStudioVersion = 10.0.40219.1
Project("{9A19103F-16F7-4668-BE54-9A1E7A4F7556}") = "Jenga.Web", "Jenga.Web\Jenga.Web.csproj", "{31123F63-94E8-482A-BD8E-1E111D8038AE}"
EndProject
Project("{9A19103F-16F7-4668-BE54-9A1E7A4F7556}") = "Jenga.DataAccess", "Jenga.DataAccess\Jenga.DataAccess.csproj", "{3B7A339F-52F9-4E44-BF80-44A63D921AA1}"
EndProject
Project("{9A19103F-16F7-4668-BE54-9A1E7A4F7556}") = "Jenga.Utility", "Jenga.Utility\Jenga.Utility.csproj", "{D0B75B29-4F3A-43C0-8BC7-5CE696091F64}"
EndProject
Project("{9A19103F-16F7-4668-BE54-9A1E7A4F7556}") = "Jenga.Models", "Jenga.Models\Jenga.Models.csproj", "{4E8958B5-1850-4458-8F5F-45C99E1C9299}"
EndProject
Project("{FAE04EC0-301F-11D3-BF4B-00C04F79EFBC}") = "Jenga.BlazorWeb", "BlazorWeb\Jenga.BlazorWeb.csproj", "{59D34E59-C0BB-4FB0-B097-8621BE101053}"
EndProject
Project("{FAE04EC0-301F-11D3-BF4B-00C04F79EFBC}") = "Jenga.BlazorUI", "Jenga.BlazorUI\Jenga.BlazorUI.csproj", "{DE4FDFD9-C158-4B14-A3C4-002E6F716265}"
EndProject
Global
	GlobalSection(SolutionConfigurationPlatforms) = preSolution
		Debug|Any CPU = Debug|Any CPU
		Release|Any CPU = Release|Any CPU
	EndGlobalSection
	GlobalSection(ProjectConfigurationPlatforms) = postSolution
		{31123F63-94E8-482A-BD8E-1E111D8038AE}.Debug|Any CPU.ActiveCfg = Debug|Any CPU
		{31123F63-94E8-482A-BD8E-1E111D8038AE}.Debug|Any CPU.Build.0 = Debug|Any CPU
		{31123F63-94E8-482A-BD8E-1E111D8038AE}.Release|Any CPU.ActiveCfg = Release|Any CPU
		{31123F63-94E8-482A-BD8E-1E111D8038AE}.Release|Any CPU.Build.0 = Release|Any CPU
		{3B7A339F-52F9-4E44-BF80-44A63D921AA1}.Debug|Any CPU.ActiveCfg = Debug|Any CPU
		{3B7A339F-52F9-4E44-BF80-44A63D921AA1}.Debug|Any CPU.Build.0 = Debug|Any CPU
		{3B7A339F-52F9-4E44-BF80-44A63D921AA1}.Release|Any CPU.ActiveCfg = Release|Any CPU
		{3B7A339F-52F9-4E44-BF80-44A63D921AA1}.Release|Any CPU.Build.0 = Release|Any CPU
		{D0B75B29-4F3A-43C0-8BC7-5CE696091F64}.Debug|Any CPU.ActiveCfg = Debug|Any CPU
		{D0B75B29-4F3A-43C0-8BC7-5CE696091F64}.Debug|Any CPU.Build.0 = Debug|Any CPU
		{D0B75B29-4F3A-43C0-8BC7-5CE696091F64}.Release|Any CPU.ActiveCfg = Release|Any CPU
		{D0B75B29-4F3A-43C0-8BC7-5CE696091F64}.Release|Any CPU.Build.0 = Release|Any CPU
		{4E8958B5-1850-4458-8F5F-45C99E1C9299}.Debug|Any CPU.ActiveCfg = Debug|Any CPU
		{4E8958B5-1850-4458-8F5F-45C99E1C9299}.Debug|Any CPU.Build.0 = Debug|Any CPU
		{4E8958B5-1850-4458-8F5F-45C99E1C9299}.Release|Any CPU.ActiveCfg = Release|Any CPU
		{4E8958B5-1850-4458-8F5F-45C99E1C9299}.Release|Any CPU.Build.0 = Release|Any CPU
		{59D34E59-C0BB-4FB0-B097-8621BE101053}.Debug|Any CPU.ActiveCfg = Debug|Any CPU
		{59D34E59-C0BB-4FB0-B097-8621BE101053}.Debug|Any CPU.Build.0 = Debug|Any CPU
		{59D34E59-C0BB-4FB0-B097-8621BE101053}.Release|Any CPU.ActiveCfg = Release|Any CPU
		{59D34E59-C0BB-4FB0-B097-8621BE101053}.Release|Any CPU.Build.0 = Release|Any CPU
		{DE4FDFD9-C158-4B14-A3C4-002E6F716265}.Debug|Any CPU.ActiveCfg = Debug|Any CPU
		{DE4FDFD9-C158-4B14-A3C4-002E6F716265}.Debug|Any CPU.Build.0 = Debug|Any CPU
		{DE4FDFD9-C158-4B14-A3C4-002E6F716265}.Release|Any CPU.ActiveCfg = Release|Any CPU
		{DE4FDFD9-C158-4B14-A3C4-002E6F716265}.Release|Any CPU.Build.0 = Release|Any CPU
	EndGlobalSection
	GlobalSection(SolutionProperties) = preSolution
		HideSolutionNode = FALSE
	EndGlobalSection
	GlobalSection(ExtensibilityGlobals) = postSolution
		SolutionGuid = {1063B472-E87E-4F80-8E0D-2BA2A294D591}
	EndGlobalSection
	GlobalSection(SubversionScc) = preSolution
		Svn-Managed = True
		Manager = AnkhSVN - Subversion Support for Visual Studio
	EndGlobalSection
EndGlobal
